# This file is automatically @generated by Cargo.
# It is not intended for manual editing.
version = 4

[[package]]
name = "format-png"
version = "0.1.1"
dependencies = [
 "rust-deflate",
]

[[package]]
name = "rust-deflate"
version = "0.4.0"
source = "registry+https://github.com/rust-lang/crates.io-index"
checksum = "24966526e96fe510fe81341426f4272c2b25b63c2c1ce864556c8b01fcf9eb33"
